PODS:
  - OBFoundationLib (1.0.0):
    - OBFoundationLib/Macro (= 1.0.0)
    - OBFoundationLib/Moudle (= 1.0.0)
    - OBFoundationLib/SystemExtend (= 1.0.0)
  - OBFoundationLib/Macro (1.0.0)
  - OBFoundationLib/Moudle (1.0.0):
    - OBFoundationLib/Macro
    - OBFoundationLib/SystemExtend
  - OBFoundationLib/SystemExtend (1.0.0):
    - OBFoundationLib/Macro

DEPENDENCIES:
  - OBFoundationLib

SPEC CHECKSUMS:
  OBFoundationLib: 0b87ca891fc1a55166dae914d120ce076acb0313

COCOAPODS: 0.39.0
